// !$*UTF8*$!
{
	archiveVersion = 1;
	classes = {
	};
	objectVersion = 50;
	objects = {

/* Begin PBXBuildFile section */
		4E1B6B5D23856E2F00CA6F57 /* WorkoutsVC.swift in Sources */ = {isa = PBXBuildFile; fileRef = 4E1B6B5C23856E2F00CA6F57 /* WorkoutsVC.swift */; };
		4E1B6B5F2385704800CA6F57 /* ProgressVC.swift in Sources */ = {isa = PBXBuildFile; fileRef = 4E1B6B5E2385704800CA6F57 /* ProgressVC.swift */; };
		4E1B6B61238570B700CA6F57 /* StopwatchVC.swift in Sources */ = {isa = PBXBuildFile; fileRef = 4E1B6B60238570B700CA6F57 /* StopwatchVC.swift */; };
		4E3795C0238E3E6000593F19 /* DataSource.swift in Sources */ = {isa = PBXBuildFile; fileRef = 4E3795BF238E3E6000593F19 /* DataSource.swift */; };
		4E3795C2238E3F6900593F19 /* ImageCell.swift in Sources */ = {isa = PBXBuildFile; fileRef = 4E3795C1238E3F6900593F19 /* ImageCell.swift */; };
		4E3795C4238E44DB00593F19 /* CellIdentifiers.swift in Sources */ = {isa = PBXBuildFile; fileRef = 4E3795C3238E44DB00593F19 /* CellIdentifiers.swift */; };
		4E3795C7238E79C700593F19 /* TextCell.swift in Sources */ = {isa = PBXBuildFile; fileRef = 4E3795C6238E79C700593F19 /* TextCell.swift */; };
		4E3795CB238E7A7900593F19 /* TypeCell.swift in Sources */ = {isa = PBXBuildFile; fileRef = 4E3795CA238E7A7900593F19 /* TypeCell.swift */; };
		4E3795CD238E7FC400593F19 /* TableDelegate.swift in Sources */ = {isa = PBXBuildFile; fileRef = 4E3795CC238E7FC400593F19 /* TableDelegate.swift */; };
		4E3E18D1239A44D40048EC96 /* CollapseHandler.swift in Sources */ = {isa = PBXBuildFile; fileRef = 4E3E18D0239A44D40048EC96 /* CollapseHandler.swift */; };
		4E3E18D3239A537C0048EC96 /* SectionHeaderView.swift in Sources */ = {isa = PBXBuildFile; fileRef = 4E3E18D2239A537C0048EC96 /* SectionHeaderView.swift */; };
		4E53BBCB238A64560086302C /* ProgressCoordinator.swift in Sources */ = {isa = PBXBuildFile; fileRef = 4E53BBCA238A64560086302C /* ProgressCoordinator.swift */; };
		4E53BBCE238A64AA0086302C /* StopwatchCoordinator.swift in Sources */ = {isa = PBXBuildFile; fileRef = 4E53BBCD238A64AA0086302C /* StopwatchCoordinator.swift */; };
		4E53BBD1238A72530086302C /* WorkoutsDS.swift in Sources */ = {isa = PBXBuildFile; fileRef = 4E53BBD0238A72530086302C /* WorkoutsDS.swift */; };
		4E53BBD3238A77530086302C /* WorkoutsTableViewDelegate.swift in Sources */ = {isa = PBXBuildFile; fileRef = 4E53BBD2238A77530086302C /* WorkoutsTableViewDelegate.swift */; };
		4E53BBD6238A79680086302C /* Workouts.swift in Sources */ = {isa = PBXBuildFile; fileRef = 4E53BBD5238A79680086302C /* Workouts.swift */; };
		4E53BBDB238A93620086302C /* CreateGroup.swift in Sources */ = {isa = PBXBuildFile; fileRef = 4E53BBDA238A93620086302C /* CreateGroup.swift */; };
		4E59C388238A3B6200209DB4 /* Coordinator.swift in Sources */ = {isa = PBXBuildFile; fileRef = 4E59C387238A3B6200209DB4 /* Coordinator.swift */; };
		4E59C38D238A5B4400209DB4 /* WorkoutCoordinator.swift in Sources */ = {isa = PBXBuildFile; fileRef = 4E59C38C238A5B4400209DB4 /* WorkoutCoordinator.swift */; };
		4E6B1DE32387F577006B9CCA /* Group.swift in Sources */ = {isa = PBXBuildFile; fileRef = 4E6B1DE22387F577006B9CCA /* Group.swift */; };
		4E6B1DE52387F97E006B9CCA /* GroupCell.swift in Sources */ = {isa = PBXBuildFile; fileRef = 4E6B1DE42387F97E006B9CCA /* GroupCell.swift */; };
		4E6B1DE723882A0C006B9CCA /* Assets.xcassets in Resources */ = {isa = PBXBuildFile; fileRef = 4E6B1DE623882A0C006B9CCA /* Assets.xcassets */; };
		4E6B1DE92388DF34006B9CCA /* GroupTypes.swift in Sources */ = {isa = PBXBuildFile; fileRef = 4E6B1DE82388DF34006B9CCA /* GroupTypes.swift */; };
		4E7A83932386CCD200CE9A7F /* ViewConrtoller.swift in Sources */ = {isa = PBXBuildFile; fileRef = 4E7A83922386CCD200CE9A7F /* ViewConrtoller.swift */; };
		4EAB6F8923992D230065599D /* EditingHandler.swift in Sources */ = {isa = PBXBuildFile; fileRef = 4EAB6F8823992D230065599D /* EditingHandler.swift */; };
		4EAB6F8B2399306E0065599D /* PickerHandler.swift in Sources */ = {isa = PBXBuildFile; fileRef = 4EAB6F8A2399306E0065599D /* PickerHandler.swift */; };
		4ED48B1B2384302600DB7BC3 /* AppDelegate.swift in Sources */ = {isa = PBXBuildFile; fileRef = 4ED48B1A2384302600DB7BC3 /* AppDelegate.swift */; };
		4ED48B1D2384302600DB7BC3 /* SceneDelegate.swift in Sources */ = {isa = PBXBuildFile; fileRef = 4ED48B1C2384302600DB7BC3 /* SceneDelegate.swift */; };
		4ED48B1F2384302600DB7BC3 /* MainTabBarController.swift in Sources */ = {isa = PBXBuildFile; fileRef = 4ED48B1E2384302600DB7BC3 /* MainTabBarController.swift */; };
		4ED48B272384303100DB7BC3 /* LaunchScreen.storyboard in Resources */ = {isa = PBXBuildFile; fileRef = 4ED48B252384303100DB7BC3 /* LaunchScreen.storyboard */; };
		4ED48B3423844CB000DB7BC3 /* Default-568h@2x.png in Resources */ = {isa = PBXBuildFile; fileRef = 4ED48B3323844CB000DB7BC3 /* Default-568h@2x.png */; };
/* End PBXBuildFile section */

/* Begin PBXFileReference section */
		4E1B6B5C23856E2F00CA6F57 /* WorkoutsVC.swift */ = {isa = PBXFileReference; lastKnownFileType = sourcecode.swift; path = WorkoutsVC.swift; sourceTree = "<group>"; };
		4E1B6B5E2385704800CA6F57 /* ProgressVC.swift */ = {isa = PBXFileReference; lastKnownFileType = sourcecode.swift; path = ProgressVC.swift; sourceTree = "<group>"; };
		4E1B6B60238570B700CA6F57 /* StopwatchVC.swift */ = {isa = PBXFileReference; lastKnownFileType = sourcecode.swift; path = StopwatchVC.swift; sourceTree = "<group>"; };
		4E3795BF238E3E6000593F19 /* DataSource.swift */ = {isa = PBXFileReference; lastKnownFileType = sourcecode.swift; path = DataSource.swift; sourceTree = "<group>"; };
		4E3795C1238E3F6900593F19 /* ImageCell.swift */ = {isa = PBXFileReference; lastKnownFileType = sourcecode.swift; path = ImageCell.swift; sourceTree = "<group>"; };
		4E3795C3238E44DB00593F19 /* CellIdentifiers.swift */ = {isa = PBXFileReference; lastKnownFileType = sourcecode.swift; path = CellIdentifiers.swift; sourceTree = "<group>"; };
		4E3795C6238E79C700593F19 /* TextCell.swift */ = {isa = PBXFileReference; lastKnownFileType = sourcecode.swift; path = TextCell.swift; sourceTree = "<group>"; };
		4E3795CA238E7A7900593F19 /* TypeCell.swift */ = {isa = PBXFileReference; lastKnownFileType = sourcecode.swift; path = TypeCell.swift; sourceTree = "<group>"; };
		4E3795CC238E7FC400593F19 /* TableDelegate.swift */ = {isa = PBXFileReference; lastKnownFileType = sourcecode.swift; name = TableDelegate.swift; path = "../New Group/TableDelegate.swift"; sourceTree = "<group>"; };
		4E3E18D0239A44D40048EC96 /* CollapseHandler.swift */ = {isa = PBXFileReference; lastKnownFileType = sourcecode.swift; path = CollapseHandler.swift; sourceTree = "<group>"; };
		4E3E18D2239A537C0048EC96 /* SectionHeaderView.swift */ = {isa = PBXFileReference; lastKnownFileType = sourcecode.swift; path = SectionHeaderView.swift; sourceTree = "<group>"; };
		4E53BBCA238A64560086302C /* ProgressCoordinator.swift */ = {isa = PBXFileReference; lastKnownFileType = sourcecode.swift; path = ProgressCoordinator.swift; sourceTree = "<group>"; };
		4E53BBCD238A64AA0086302C /* StopwatchCoordinator.swift */ = {isa = PBXFileReference; lastKnownFileType = sourcecode.swift; path = StopwatchCoordinator.swift; sourceTree = "<group>"; };
		4E53BBD0238A72530086302C /* WorkoutsDS.swift */ = {isa = PBXFileReference; lastKnownFileType = sourcecode.swift; path = WorkoutsDS.swift; sourceTree = "<group>"; };
		4E53BBD2238A77530086302C /* WorkoutsTableViewDelegate.swift */ = {isa = PBXFileReference; lastKnownFileType = sourcecode.swift; path = WorkoutsTableViewDelegate.swift; sourceTree = "<group>"; };
		4E53BBD5238A79680086302C /* Workouts.swift */ = {isa = PBXFileReference; lastKnownFileType = sourcecode.swift; path = Workouts.swift; sourceTree = "<group>"; };
		4E53BBDA238A93620086302C /* CreateGroup.swift */ = {isa = PBXFileReference; lastKnownFileType = sourcecode.swift; path = CreateGroup.swift; sourceTree = "<group>"; };
		4E59C387238A3B6200209DB4 /* Coordinator.swift */ = {isa = PBXFileReference; lastKnownFileType = sourcecode.swift; path = Coordinator.swift; sourceTree = "<group>"; };
		4E59C38C238A5B4400209DB4 /* WorkoutCoordinator.swift */ = {isa = PBXFileReference; lastKnownFileType = sourcecode.swift; path = WorkoutCoordinator.swift; sourceTree = "<group>"; };
		4E6B1DE22387F577006B9CCA /* Group.swift */ = {isa = PBXFileReference; lastKnownFileType = sourcecode.swift; path = Group.swift; sourceTree = "<group>"; };
		4E6B1DE42387F97E006B9CCA /* GroupCell.swift */ = {isa = PBXFileReference; lastKnownFileType = sourcecode.swift; path = GroupCell.swift; sourceTree = "<group>"; };
		4E6B1DE623882A0C006B9CCA /* Assets.xcassets */ = {isa = PBXFileReference; lastKnownFileType = folder.assetcatalog; path = Assets.xcassets; sourceTree = "<group>"; };
		4E6B1DE82388DF34006B9CCA /* GroupTypes.swift */ = {isa = PBXFileReference; lastKnownFileType = sourcecode.swift; path = GroupTypes.swift; sourceTree = "<group>"; };
		4E7A83922386CCD200CE9A7F /* ViewConrtoller.swift */ = {isa = PBXFileReference; lastKnownFileType = sourcecode.swift; path = ViewConrtoller.swift; sourceTree = "<group>"; };
		4EAB6F8823992D230065599D /* EditingHandler.swift */ = {isa = PBXFileReference; lastKnownFileType = sourcecode.swift; path = EditingHandler.swift; sourceTree = "<group>"; };
		4EAB6F8A2399306E0065599D /* PickerHandler.swift */ = {isa = PBXFileReference; lastKnownFileType = sourcecode.swift; path = PickerHandler.swift; sourceTree = "<group>"; };
		4ED48B172384302600DB7BC3 /* Workout Planner.app */ = {isa = PBXFileReference; explicitFileType = wrapper.application; includeInIndex = 0; path = "Workout Planner.app"; sourceTree = BUILT_PRODUCTS_DIR; };
		4ED48B1A2384302600DB7BC3 /* AppDelegate.swift */ = {isa = PBXFileReference; lastKnownFileType = sourcecode.swift; path = AppDelegate.swift; sourceTree = "<group>"; };
		4ED48B1C2384302600DB7BC3 /* SceneDelegate.swift */ = {isa = PBXFileReference; lastKnownFileType = sourcecode.swift; path = SceneDelegate.swift; sourceTree = "<group>"; };
		4ED48B1E2384302600DB7BC3 /* MainTabBarController.swift */ = {isa = PBXFileReference; lastKnownFileType = sourcecode.swift; path = MainTabBarController.swift; sourceTree = "<group>"; };
		4ED48B262384303100DB7BC3 /* Base */ = {isa = PBXFileReference; lastKnownFileType = file.storyboard; name = Base; path = Base.lproj/LaunchScreen.storyboard; sourceTree = "<group>"; };
		4ED48B282384303100DB7BC3 /* Info.plist */ = {isa = PBXFileReference; lastKnownFileType = text.plist.xml; path = Info.plist; sourceTree = "<group>"; };
		4ED48B3323844CB000DB7BC3 /* Default-568h@2x.png */ = {isa = PBXFileReference; lastKnownFileType = image.png; path = "Default-568h@2x.png"; sourceTree = "<group>"; };
/* End PBXFileReference section */

/* Begin PBXFrameworksBuildPhase section */
		4ED48B142384302600DB7BC3 /* Frameworks */ = {
			isa = PBXFrameworksBuildPhase;
			buildActionMask = 2147483647;
			files = (
			);
			runOnlyForDeploymentPostprocessing = 0;
		};
/* End PBXFrameworksBuildPhase section */

/* Begin PBXGroup section */
		4E3795C5238E763900593F19 /* Cells */ = {
			isa = PBXGroup;
			children = (
				4E3795C1238E3F6900593F19 /* ImageCell.swift */,
				4E3795C6238E79C700593F19 /* TextCell.swift */,
				4E3795CA238E7A7900593F19 /* TypeCell.swift */,
			);
			path = Cells;
			sourceTree = "<group>";
		};
		4E3E18CF239A44A90048EC96 /* Protocols */ = {
			isa = PBXGroup;
			children = (
				4E3E18D0239A44D40048EC96 /* CollapseHandler.swift */,
			);
			path = Protocols;
			sourceTree = "<group>";
		};
		4E3E18D4239A6B560048EC96 /* Progress */ = {
			isa = PBXGroup;
			children = (
				4E1B6B5E2385704800CA6F57 /* ProgressVC.swift */,
			);
			path = Progress;
			sourceTree = "<group>";
		};
		4E3E18D5239A6B630048EC96 /* Stopwatch */ = {
			isa = PBXGroup;
			children = (
				4E1B6B60238570B700CA6F57 /* StopwatchVC.swift */,
			);
			path = Stopwatch;
			sourceTree = "<group>";
		};
		4E3E18D6239A76A50048EC96 /* Workouts */ = {
			isa = PBXGroup;
			children = (
				4E53BBD5238A79680086302C /* Workouts.swift */,
				4E3E18D2239A537C0048EC96 /* SectionHeaderView.swift */,
			);
			path = Workouts;
			sourceTree = "<group>";
		};
		4E53BBD4238A793F0086302C /* Views */ = {
			isa = PBXGroup;
			children = (
				4E3E18D6239A76A50048EC96 /* Workouts */,
				4E53BBDA238A93620086302C /* CreateGroup.swift */,
			);
			path = Views;
			sourceTree = "<group>";
		};
		4E53BBD9238A928C0086302C /* CreateGroup */ = {
			isa = PBXGroup;
			children = (
				4EAB6F8723992CEA0065599D /* Protocols */,
				4EAB6F862399296F0065599D /* Main */,
				4E3795C5238E763900593F19 /* Cells */,
			);
			path = CreateGroup;
			sourceTree = "<group>";
		};
		4E59C38B238A551300209DB4 /* Coordinators */ = {
			isa = PBXGroup;
			children = (
				4E59C38C238A5B4400209DB4 /* WorkoutCoordinator.swift */,
				4E59C387238A3B6200209DB4 /* Coordinator.swift */,
				4E53BBCA238A64560086302C /* ProgressCoordinator.swift */,
				4E53BBCD238A64AA0086302C /* StopwatchCoordinator.swift */,
			);
			path = Coordinators;
			sourceTree = "<group>";
		};
		4E6B1DF3238915EA006B9CCA /* Workouts */ = {
			isa = PBXGroup;
			children = (
				4E3E18CF239A44A90048EC96 /* Protocols */,
				4EAB6F8D239935CF0065599D /* Cells */,
				4EAB6F8C239935070065599D /* Main */,
			);
			path = Workouts;
			sourceTree = "<group>";
		};
		4EAB6F862399296F0065599D /* Main */ = {
			isa = PBXGroup;
			children = (
				4E7A83922386CCD200CE9A7F /* ViewConrtoller.swift */,
				4E3795BF238E3E6000593F19 /* DataSource.swift */,
				4E3795CC238E7FC400593F19 /* TableDelegate.swift */,
			);
			path = Main;
			sourceTree = "<group>";
		};
		4EAB6F8723992CEA0065599D /* Protocols */ = {
			isa = PBXGroup;
			children = (
				4EAB6F8823992D230065599D /* EditingHandler.swift */,
				4EAB6F8A2399306E0065599D /* PickerHandler.swift */,
			);
			path = Protocols;
			sourceTree = "<group>";
		};
		4EAB6F8C239935070065599D /* Main */ = {
			isa = PBXGroup;
			children = (
				4E1B6B5C23856E2F00CA6F57 /* WorkoutsVC.swift */,
				4E53BBD0238A72530086302C /* WorkoutsDS.swift */,
				4E53BBD2238A77530086302C /* WorkoutsTableViewDelegate.swift */,
			);
			path = Main;
			sourceTree = "<group>";
		};
		4EAB6F8D239935CF0065599D /* Cells */ = {
			isa = PBXGroup;
			children = (
				4E6B1DE42387F97E006B9CCA /* GroupCell.swift */,
			);
			path = Cells;
			sourceTree = "<group>";
		};
		4ED48B0E2384302500DB7BC3 = {
			isa = PBXGroup;
			children = (
				4ED48B3323844CB000DB7BC3 /* Default-568h@2x.png */,
				4ED48B192384302600DB7BC3 /* Workout Planner */,
				4ED48B182384302600DB7BC3 /* Products */,
			);
			sourceTree = "<group>";
		};
		4ED48B182384302600DB7BC3 /* Products */ = {
			isa = PBXGroup;
			children = (
				4ED48B172384302600DB7BC3 /* Workout Planner.app */,
			);
			name = Products;
			sourceTree = "<group>";
		};
		4ED48B192384302600DB7BC3 /* Workout Planner */ = {
			isa = PBXGroup;
			children = (
				4ED48B2E23844C2E00DB7BC3 /* ViewControllers */,
				4E53BBD4238A793F0086302C /* Views */,
				4ED48B3123844C6B00DB7BC3 /* Models */,
				4E59C38B238A551300209DB4 /* Coordinators */,
				4ED48B3023844C6200DB7BC3 /* Helpers */,
				4ED48B3223844C7C00DB7BC3 /* Supports */,
				4ED48B2F23844C4800DB7BC3 /* IBuilder */,
			);
			path = "Workout Planner";
			sourceTree = "<group>";
		};
		4ED48B2E23844C2E00DB7BC3 /* ViewControllers */ = {
			isa = PBXGroup;
			children = (
				4E3E18D5239A6B630048EC96 /* Stopwatch */,
				4E3E18D4239A6B560048EC96 /* Progress */,
				4E53BBD9238A928C0086302C /* CreateGroup */,
				4E6B1DF3238915EA006B9CCA /* Workouts */,
				4ED48B1E2384302600DB7BC3 /* MainTabBarController.swift */,
			);
			path = ViewControllers;
			sourceTree = "<group>";
		};
		4ED48B2F23844C4800DB7BC3 /* IBuilder */ = {
			isa = PBXGroup;
			children = (
				4ED48B252384303100DB7BC3 /* LaunchScreen.storyboard */,
			);
			path = IBuilder;
			sourceTree = "<group>";
		};
		4ED48B3023844C6200DB7BC3 /* Helpers */ = {
			isa = PBXGroup;
			children = (
				4E6B1DE82388DF34006B9CCA /* GroupTypes.swift */,
				4E3795C3238E44DB00593F19 /* CellIdentifiers.swift */,
			);
			path = Helpers;
			sourceTree = "<group>";
		};
		4ED48B3123844C6B00DB7BC3 /* Models */ = {
			isa = PBXGroup;
			children = (
				4E6B1DE22387F577006B9CCA /* Group.swift */,
			);
			path = Models;
			sourceTree = "<group>";
		};
		4ED48B3223844C7C00DB7BC3 /* Supports */ = {
			isa = PBXGroup;
			children = (
				4E6B1DE623882A0C006B9CCA /* Assets.xcassets */,
				4ED48B1A2384302600DB7BC3 /* AppDelegate.swift */,
				4ED48B1C2384302600DB7BC3 /* SceneDelegate.swift */,
				4ED48B282384303100DB7BC3 /* Info.plist */,
			);
			path = Supports;
			sourceTree = "<group>";
		};
/* End PBXGroup section */

/* Begin PBXNativeTarget section */
		4ED48B162384302600DB7BC3 /* Workout Planner */ = {
			isa = PBXNativeTarget;
			buildConfigurationList = 4ED48B2B2384303100DB7BC3 /* Build configuration list for PBXNativeTarget "Workout Planner" */;
			buildPhases = (
				4ED48B132384302600DB7BC3 /* Sources */,
				4ED48B142384302600DB7BC3 /* Frameworks */,
				4ED48B152384302600DB7BC3 /* Resources */,
			);
			buildRules = (
			);
			dependencies = (
			);
			name = "Workout Planner";
			productName = "Workout Planner";
			productReference = 4ED48B172384302600DB7BC3 /* Workout Planner.app */;
			productType = "com.apple.product-type.application";
		};
/* End PBXNativeTarget section */

/* Begin PBXProject section */
		4ED48B0F2384302500DB7BC3 /* Project object */ = {
			isa = PBXProject;
			attributes = {
				LastSwiftUpdateCheck = 1120;
				LastUpgradeCheck = 1120;
				ORGANIZATIONNAME = "Egor Deryabin";
				TargetAttributes = {
					4ED48B162384302600DB7BC3 = {
						CreatedOnToolsVersion = 11.2.1;
					};
				};
			};
			buildConfigurationList = 4ED48B122384302500DB7BC3 /* Build configuration list for PBXProject "Workout Planner" */;
			compatibilityVersion = "Xcode 9.3";
			developmentRegion = en;
			hasScannedForEncodings = 0;
			knownRegions = (
				en,
				Base,
			);
			mainGroup = 4ED48B0E2384302500DB7BC3;
			productRefGroup = 4ED48B182384302600DB7BC3 /* Products */;
			projectDirPath = "";
			projectRoot = "";
			targets = (
				4ED48B162384302600DB7BC3 /* Workout Planner */,
			);
		};
/* End PBXProject section */

/* Begin PBXResourcesBuildPhase section */
		4ED48B152384302600DB7BC3 /* Resources */ = {
			isa = PBXResourcesBuildPhase;
			buildActionMask = 2147483647;
			files = (
				4ED48B272384303100DB7BC3 /* LaunchScreen.storyboard in Resources */,
				4E6B1DE723882A0C006B9CCA /* Assets.xcassets in Resources */,
				4ED48B3423844CB000DB7BC3 /* Default-568h@2x.png in Resources */,
			);
			runOnlyForDeploymentPostprocessing = 0;
		};
/* End PBXResourcesBuildPhase section */

/* Begin PBXSourcesBuildPhase section */
		4ED48B132384302600DB7BC3 /* Sources */ = {
			isa = PBXSourcesBuildPhase;
			buildActionMask = 2147483647;
			files = (
				4E6B1DE52387F97E006B9CCA /* GroupCell.swift in Sources */,
				4E53BBDB238A93620086302C /* CreateGroup.swift in Sources */,
				4E1B6B5F2385704800CA6F57 /* ProgressVC.swift in Sources */,
				4ED48B1F2384302600DB7BC3 /* MainTabBarController.swift in Sources */,
				4E1B6B61238570B700CA6F57 /* StopwatchVC.swift in Sources */,
				4E6B1DE32387F577006B9CCA /* Group.swift in Sources */,
				4ED48B1B2384302600DB7BC3 /* AppDelegate.swift in Sources */,
				4E59C38D238A5B4400209DB4 /* WorkoutCoordinator.swift in Sources */,
				4E3795C0238E3E6000593F19 /* DataSource.swift in Sources */,
				4E53BBCB238A64560086302C /* ProgressCoordinator.swift in Sources */,
				4EAB6F8B2399306E0065599D /* PickerHandler.swift in Sources */,
				4E3E18D3239A537C0048EC96 /* SectionHeaderView.swift in Sources */,
				4E59C388238A3B6200209DB4 /* Coordinator.swift in Sources */,
				4E1B6B5D23856E2F00CA6F57 /* WorkoutsVC.swift in Sources */,
				4E3795C7238E79C700593F19 /* TextCell.swift in Sources */,
				4EAB6F8923992D230065599D /* EditingHandler.swift in Sources */,
				4E3795C4238E44DB00593F19 /* CellIdentifiers.swift in Sources */,
				4E7A83932386CCD200CE9A7F /* ViewConrtoller.swift in Sources */,
				4E3795CD238E7FC400593F19 /* TableDelegate.swift in Sources */,
				4E53BBD6238A79680086302C /* Workouts.swift in Sources */,
				4E3E18D1239A44D40048EC96 /* CollapseHandler.swift in Sources */,
				4ED48B1D2384302600DB7BC3 /* SceneDelegate.swift in Sources */,
				4E3795C2238E3F6900593F19 /* ImageCell.swift in Sources */,
				4E3795CB238E7A7900593F19 /* TypeCell.swift in Sources */,
				4E53BBCE238A64AA0086302C /* StopwatchCoordinator.swift in Sources */,
				4E53BBD3238A77530086302C /* WorkoutsTableViewDelegate.swift in Sources */,
				4E53BBD1238A72530086302C /* WorkoutsDS.swift in Sources */,
				4E6B1DE92388DF34006B9CCA /* GroupTypes.swift in Sources */,
			);
			runOnlyForDeploymentPostprocessing = 0;
		};
/* End PBXSourcesBuildPhase section */

/* Begin PBXVariantGroup section */
		4ED48B252384303100DB7BC3 /* LaunchScreen.storyboard */ = {
			isa = PBXVariantGroup;
			children = (
				4ED48B262384303100DB7BC3 /* Base */,
			);
			name = LaunchScreen.storyboard;
			sourceTree = "<group>";
		};
/* End PBXVariantGroup section */

/* Begin XCBuildConfiguration section */
		4ED48B292384303100DB7BC3 /* Debug */ = {
			isa = XCBuildConfiguration;
			buildSettings = {
				ALWAYS_SEARCH_USER_PATHS = NO;
				CLANG_ANALYZER_NONNULL = YES;
				CLANG_ANALYZER_NUMBER_OBJECT_CONVERSION = YES_AGGRESSIVE;
				CLANG_CXX_LANGUAGE_STANDARD = "gnu++14";
				CLANG_CXX_LIBRARY = "libc++";
				CLANG_ENABLE_MODULES = YES;
				CLANG_ENABLE_OBJC_ARC = YES;
				CLANG_ENABLE_OBJC_WEAK = YES;
				CLANG_WARN_BLOCK_CAPTURE_AUTORELEASING = YES;
				CLANG_WARN_BOOL_CONVERSION = YES;
				CLANG_WARN_COMMA = YES;
				CLANG_WARN_CONSTANT_CONVERSION = YES;
				CLANG_WARN_DEPRECATED_OBJC_IMPLEMENTATIONS = YES;
				CLANG_WARN_DIRECT_OBJC_ISA_USAGE = YES_ERROR;
				CLANG_WARN_DOCUMENTATION_COMMENTS = YES;
				CLANG_WARN_EMPTY_BODY = YES;
				CLANG_WARN_ENUM_CONVERSION = YES;
				CLANG_WARN_INFINITE_RECURSION = YES;
				CLANG_WARN_INT_CONVERSION = YES;
				CLANG_WARN_NON_LITERAL_NULL_CONVERSION = YES;
				CLANG_WARN_OBJC_IMPLICIT_RETAIN_SELF = YES;
				CLANG_WARN_OBJC_LITERAL_CONVERSION = YES;
				CLANG_WARN_OBJC_ROOT_CLASS = YES_ERROR;
				CLANG_WARN_RANGE_LOOP_ANALYSIS = YES;
				CLANG_WARN_STRICT_PROTOTYPES = YES;
				CLANG_WARN_SUSPICIOUS_MOVE = YES;
				CLANG_WARN_UNGUARDED_AVAILABILITY = YES_AGGRESSIVE;
				CLANG_WARN_UNREACHABLE_CODE = YES;
				CLANG_WARN__DUPLICATE_METHOD_MATCH = YES;
				COPY_PHASE_STRIP = NO;
				DEBUG_INFORMATION_FORMAT = dwarf;
				ENABLE_STRICT_OBJC_MSGSEND = YES;
				ENABLE_TESTABILITY = YES;
				GCC_C_LANGUAGE_STANDARD = gnu11;
				GCC_DYNAMIC_NO_PIC = NO;
				GCC_NO_COMMON_BLOCKS = YES;
				GCC_OPTIMIZATION_LEVEL = 0;
				GCC_PREPROCESSOR_DEFINITIONS = (
					"DEBUG=1",
					"$(inherited)",
				);
				GCC_WARN_64_TO_32_BIT_CONVERSION = YES;
				GCC_WARN_ABOUT_RETURN_TYPE = YES_ERROR;
				GCC_WARN_UNDECLARED_SELECTOR = YES;
				GCC_WARN_UNINITIALIZED_AUTOS = YES_AGGRESSIVE;
				GCC_WARN_UNUSED_FUNCTION = YES;
				GCC_WARN_UNUSED_VARIABLE = YES;
				IPHONEOS_DEPLOYMENT_TARGET = 13.2;
				MTL_ENABLE_DEBUG_INFO = INCLUDE_SOURCE;
				MTL_FAST_MATH = YES;
				ONLY_ACTIVE_ARCH = YES;
				SDKROOT = iphoneos;
				SWIFT_ACTIVE_COMPILATION_CONDITIONS = DEBUG;
				SWIFT_OPTIMIZATION_LEVEL = "-Onone";
			};
			name = Debug;
		};
		4ED48B2A2384303100DB7BC3 /* Release */ = {
			isa = XCBuildConfiguration;
			buildSettings = {
				ALWAYS_SEARCH_USER_PATHS = NO;
				CLANG_ANALYZER_NONNULL = YES;
				CLANG_ANALYZER_NUMBER_OBJECT_CONVERSION = YES_AGGRESSIVE;
				CLANG_CXX_LANGUAGE_STANDARD = "gnu++14";
				CLANG_CXX_LIBRARY = "libc++";
				CLANG_ENABLE_MODULES = YES;
				CLANG_ENABLE_OBJC_ARC = YES;
				CLANG_ENABLE_OBJC_WEAK = YES;
				CLANG_WARN_BLOCK_CAPTURE_AUTORELEASING = YES;
				CLANG_WARN_BOOL_CONVERSION = YES;
				CLANG_WARN_COMMA = YES;
				CLANG_WARN_CONSTANT_CONVERSION = YES;
				CLANG_WARN_DEPRECATED_OBJC_IMPLEMENTATIONS = YES;
				CLANG_WARN_DIRECT_OBJC_ISA_USAGE = YES_ERROR;
				CLANG_WARN_DOCUMENTATION_COMMENTS = YES;
				CLANG_WARN_EMPTY_BODY = YES;
				CLANG_WARN_ENUM_CONVERSION = YES;
				CLANG_WARN_INFINITE_RECURSION = YES;
				CLANG_WARN_INT_CONVERSION = YES;
				CLANG_WARN_NON_LITERAL_NULL_CONVERSION = YES;
				CLANG_WARN_OBJC_IMPLICIT_RETAIN_SELF = YES;
				CLANG_WARN_OBJC_LITERAL_CONVERSION = YES;
				CLANG_WARN_OBJC_ROOT_CLASS = YES_ERROR;
				CLANG_WARN_RANGE_LOOP_ANALYSIS = YES;
				CLANG_WARN_STRICT_PROTOTYPES = YES;
				CLANG_WARN_SUSPICIOUS_MOVE = YES;
				CLANG_WARN_UNGUARDED_AVAILABILITY = YES_AGGRESSIVE;
				CLANG_WARN_UNREACHABLE_CODE = YES;
				CLANG_WARN__DUPLICATE_METHOD_MATCH = YES;
				COPY_PHASE_STRIP = NO;
				DEBUG_INFORMATION_FORMAT = "dwarf-with-dsym";
				ENABLE_NS_ASSERTIONS = NO;
				ENABLE_STRICT_OBJC_MSGSEND = YES;
				GCC_C_LANGUAGE_STANDARD = gnu11;
				GCC_NO_COMMON_BLOCKS = YES;
				GCC_WARN_64_TO_32_BIT_CONVERSION = YES;
				GCC_WARN_ABOUT_RETURN_TYPE = YES_ERROR;
				GCC_WARN_UNDECLARED_SELECTOR = YES;
				GCC_WARN_UNINITIALIZED_AUTOS = YES_AGGRESSIVE;
				GCC_WARN_UNUSED_FUNCTION = YES;
				GCC_WARN_UNUSED_VARIABLE = YES;
				IPHONEOS_DEPLOYMENT_TARGET = 13.2;
				MTL_ENABLE_DEBUG_INFO = NO;
				MTL_FAST_MATH = YES;
				SDKROOT = iphoneos;
				SWIFT_COMPILATION_MODE = wholemodule;
				SWIFT_OPTIMIZATION_LEVEL = "-O";
				VALIDATE_PRODUCT = YES;
			};
			name = Release;
		};
		4ED48B2C2384303100DB7BC3 /* Debug */ = {
			isa = XCBuildConfiguration;
			buildSettings = {
				ASSETCATALOG_COMPILER_APPICON_NAME = AppIcon;
				CODE_SIGN_STYLE = Automatic;
				DEVELOPMENT_TEAM = X6HNJK263V;
				INFOPLIST_FILE = "Workout Planner/Supports/Info.plist";
				LD_RUNPATH_SEARCH_PATHS = (
					"$(inherited)",
					"@executable_path/Frameworks",
				);
				PRODUCT_BUNDLE_IDENTIFIER = "com.dnweb.Workout-Planner";
				PRODUCT_NAME = "$(TARGET_NAME)";
				SWIFT_VERSION = 5.0;
				TARGETED_DEVICE_FAMILY = "1,2";
			};
			name = Debug;
		};
		4ED48B2D2384303100DB7BC3 /* Release */ = {
			isa = XCBuildConfiguration;
			buildSettings = {
				ASSETCATALOG_COMPILER_APPICON_NAME = AppIcon;
				CODE_SIGN_STYLE = Automatic;
				DEVELOPMENT_TEAM = X6HNJK263V;
				INFOPLIST_FILE = "Workout Planner/Supports/Info.plist";
				LD_RUNPATH_SEARCH_PATHS = (
					"$(inherited)",
					"@executable_path/Frameworks",
				);
				PRODUCT_BUNDLE_IDENTIFIER = "com.dnweb.Workout-Planner";
				PRODUCT_NAME = "$(TARGET_NAME)";
				SWIFT_VERSION = 5.0;
				TARGETED_DEVICE_FAMILY = "1,2";
			};
			name = Release;
		};
/* End XCBuildConfiguration section */

/* Begin XCConfigurationList section */
		4ED48B122384302500DB7BC3 /* Build configuration list for PBXProject "Workout Planner" */ = {
			isa = XCConfigurationList;
			buildConfigurations = (
				4ED48B292384303100DB7BC3 /* Debug */,
				4ED48B2A2384303100DB7BC3 /* Release */,
			);
			defaultConfigurationIsVisible = 0;
			defaultConfigurationName = Release;
		};
		4ED48B2B2384303100DB7BC3 /* Build configuration list for PBXNativeTarget "Workout Planner" */ = {
			isa = XCConfigurationList;
			buildConfigurations = (
				4ED48B2C2384303100DB7BC3 /* Debug */,
				4ED48B2D2384303100DB7BC3 /* Release */,
			);
			defaultConfigurationIsVisible = 0;
			defaultConfigurationName = Release;
		};
/* End XCConfigurationList section */
	};
	rootObject = 4ED48B0F2384302500DB7BC3 /* Project object */;
}
